
Microsoft Visual Studio Solution File, Format Version 12.00
# Visual Studio Version 17
VisualStudioVersion = 17.13.35919.96 d17.13
MinimumVisualStudioVersion = 10.0.40219.1
Project("{FAE04EC0-301F-11D3-BF4B-00C04F79EFBC}") = "FinanceTrackerConsole", "FinanceTrackerConsole\FinanceTrackerConsole.csproj", "{A0F5CFF6-13C5-491F-8DCA-75DAABCB9E43}"
EndProject
Project("{FAE04EC0-301F-11D3-BF4B-00C04F79EFBC}") = "FinanceTrackerLib", "FinanceTrackerLib\FinanceTrackerLib.csproj", "{5CEA6792-CA54-44BC-9F62-A6A4E213B69F}"
EndProject
Global
	GlobalSection(SolutionConfigurationPlatforms) = preSolution
		Debug|Any CPU = Debug|Any CPU
		Release|Any CPU = Release|Any CPU
	EndGlobalSection
	GlobalSection(ProjectConfigurationPlatforms) = postSolution
		{A0F5CFF6-13C5-491F-8DCA-75DAABCB9E43}.Debug|Any CPU.ActiveCfg = Debug|Any CPU
		{A0F5CFF6-13C5-491F-8DCA-75DAABCB9E43}.Debug|Any CPU.Build.0 = Debug|Any CPU
		{A0F5CFF6-13C5-491F-8DCA-75DAABCB9E43}.Release|Any CPU.ActiveCfg = Release|Any CPU
		{A0F5CFF6-13C5-491F-8DCA-75DAABCB9E43}.Release|Any CPU.Build.0 = Release|Any CPU
		{5CEA6792-CA54-44BC-9F62-A6A4E213B69F}.Debug|Any CPU.ActiveCfg = Debug|Any CPU
		{5CEA6792-CA54-44BC-9F62-A6A4E213B69F}.Debug|Any CPU.Build.0 = Debug|Any CPU
		{5CEA6792-CA54-44BC-9F62-A6A4E213B69F}.Release|Any CPU.ActiveCfg = Release|Any CPU
		{5CEA6792-CA54-44BC-9F62-A6A4E213B69F}.Release|Any CPU.Build.0 = Release|Any CPU
	EndGlobalSection
	GlobalSection(SolutionProperties) = preSolution
		HideSolutionNode = FALSE
	EndGlobalSection
	GlobalSection(ExtensibilityGlobals) = postSolution
		SolutionGuid = {30663622-13A3-4662-9601-443188A618BB}
	EndGlobalSection
EndGlobal
